
Microsoft Visual Studio Solution File, Format Version 12.00
# Visual Studio Version 17
VisualStudioVersion = 17.6.33801.468
MinimumVisualStudioVersion = 10.0.40219.1
Project("{FAE04EC0-301F-11D3-BF4B-00C04F79EFBC}") = "DoBemSolution", "DoBemSolution\DoBemSolution.csproj", "{89691880-9F90-42FB-BBDD-C96D3BA352B1}"
EndProject
Global
	GlobalSection(SolutionConfigurationPlatforms) = preSolution
		Debug|Any CPU = Debug|Any CPU
		Release|Any CPU = Release|Any CPU
	EndGlobalSection
	GlobalSection(ProjectConfigurationPlatforms) = postSolution
		{89691880-9F90-42FB-BBDD-C96D3BA352B1}.Debug|Any CPU.ActiveCfg = Debug|Any CPU
		{89691880-9F90-42FB-BBDD-C96D3BA352B1}.Debug|Any CPU.Build.0 = Debug|Any CPU
		{89691880-9F90-42FB-BBDD-C96D3BA352B1}.Release|Any CPU.ActiveCfg = Release|Any CPU
		{89691880-9F90-42FB-BBDD-C96D3BA352B1}.Release|Any CPU.Build.0 = Release|Any CPU
	EndGlobalSection
	GlobalSection(SolutionProperties) = preSolution
		HideSolutionNode = FALSE
	EndGlobalSection
	GlobalSection(ExtensibilityGlobals) = postSolution
		SolutionGuid = {F64FCF3D-5A5F-44E6-8AC8-6238E218FE7B}
	EndGlobalSection
EndGlobal
